
Microsoft Visual Studio Solution File, Format Version 12.00
# Visual Studio Version 16
VisualStudioVersion = 16.0.33027.164
MinimumVisualStudioVersion = 10.0.40219.1
Project("{9A19103F-16F7-4668-BE54-9A1E7A4F7556}") = "COMP1004-SPA TESTS", "COMP1004-SPA TESTS.csproj", "{DCD466D3-D284-4928-87B6-7BC292023B00}"
EndProject
Global
	GlobalSection(SolutionConfigurationPlatforms) = preSolution
		Debug|Any CPU = Debug|Any CPU
		Release|Any CPU = Release|Any CPU
	EndGlobalSection
	GlobalSection(ProjectConfigurationPlatforms) = postSolution
		{DCD466D3-D284-4928-87B6-7BC292023B00}.Debug|Any CPU.ActiveCfg = Debug|Any CPU
		{DCD466D3-D284-4928-87B6-7BC292023B00}.Debug|Any CPU.Build.0 = Debug|Any CPU
		{DCD466D3-D284-4928-87B6-7BC292023B00}.Release|Any CPU.ActiveCfg = Release|Any CPU
		{DCD466D3-D284-4928-87B6-7BC292023B00}.Release|Any CPU.Build.0 = Release|Any CPU
	EndGlobalSection
	GlobalSection(SolutionProperties) = preSolution
		HideSolutionNode = FALSE
	EndGlobalSection
	GlobalSection(ExtensibilityGlobals) = postSolution
		SolutionGuid = {BC765732-EA56-4795-9EA5-64A079C67DDC}
	EndGlobalSection
EndGlobal
